
Microsoft Visual Studio Solution File, Format Version 12.00
# Visual Studio Version 17
VisualStudioVersion = 17.8.34227.203
MinimumVisualStudioVersion = 10.0.40219.1
Project("{FAE04EC0-301F-11D3-BF4B-00C04F79EFBC}") = "BlazorQuickGridEF", "BlazorQuickGridEF\BlazorQuickGridEF.csproj", "{69A604A7-06A2-4528-9AD0-88B76691D2E6}"
EndProject
Global
	GlobalSection(SolutionConfigurationPlatforms) = preSolution
		Debug|Any CPU = Debug|Any CPU
		Release|Any CPU = Release|Any CPU
	EndGlobalSection
	GlobalSection(ProjectConfigurationPlatforms) = postSolution
		{69A604A7-06A2-4528-9AD0-88B76691D2E6}.Debug|Any CPU.ActiveCfg = Debug|Any CPU
		{69A604A7-06A2-4528-9AD0-88B76691D2E6}.Debug|Any CPU.Build.0 = Debug|Any CPU
		{69A604A7-06A2-4528-9AD0-88B76691D2E6}.Release|Any CPU.ActiveCfg = Release|Any CPU
		{69A604A7-06A2-4528-9AD0-88B76691D2E6}.Release|Any CPU.Build.0 = Release|Any CPU
	EndGlobalSection
	GlobalSection(SolutionProperties) = preSolution
		HideSolutionNode = FALSE
	EndGlobalSection
	GlobalSection(ExtensibilityGlobals) = postSolution
		SolutionGuid = {64CC2638-B5F4-4642-8DD4-5B61DCE20DA7}
	EndGlobalSection
EndGlobal
